
Microsoft Visual Studio Solution File, Format Version 12.00
# Visual Studio Version 16
VisualStudioVersion = 16.0.33214.272
MinimumVisualStudioVersion = 10.0.40219.1
Project("{FAE04EC0-301F-11D3-BF4B-00C04F79EFBC}") = "4h0me_work", "4h0me_work\4h0me_work.csproj", "{F659C894-1B85-42DC-81A0-2A88AE1B74B6}"
EndProject
Global
	GlobalSection(SolutionConfigurationPlatforms) = preSolution
		Debug|Any CPU = Debug|Any CPU
		Release|Any CPU = Release|Any CPU
	EndGlobalSection
	GlobalSection(ProjectConfigurationPlatforms) = postSolution
		{F659C894-1B85-42DC-81A0-2A88AE1B74B6}.Debug|Any CPU.ActiveCfg = Debug|Any CPU
		{F659C894-1B85-42DC-81A0-2A88AE1B74B6}.Debug|Any CPU.Build.0 = Debug|Any CPU
		{F659C894-1B85-42DC-81A0-2A88AE1B74B6}.Release|Any CPU.ActiveCfg = Release|Any CPU
		{F659C894-1B85-42DC-81A0-2A88AE1B74B6}.Release|Any CPU.Build.0 = Release|Any CPU
	EndGlobalSection
	GlobalSection(SolutionProperties) = preSolution
		HideSolutionNode = FALSE
	EndGlobalSection
	GlobalSection(ExtensibilityGlobals) = postSolution
		SolutionGuid = {46DF9D9E-10C1-4F67-9065-E3A71E89A827}
	EndGlobalSection
EndGlobal
